// !$*UTF8*$!
{
	archiveVersion = 1;
	classes = {
	};
	objectVersion = 46;
	objects = {

/* Begin PBXBuildFile section */
		428B82BD18CFE3EE00865D7D /* MathSymbol.m in Sources */ = {isa = PBXBuildFile; fileRef = 428B82BC18CFE3EE00865D7D /* MathSymbol.m */; };
		428B82C018CFF96B00865D7D /* MathFunction.m in Sources */ = {isa = PBXBuildFile; fileRef = 428B82BF18CFF96B00865D7D /* MathFunction.m */; };
		428FCF8F18CEA6A900499CD4 /* MSTransientDelegate.m in Sources */ = {isa = PBXBuildFile; fileRef = 428FCF8E18CEA6A900499CD4 /* MSTransientDelegate.m */; };
		428FCF9218CECA9B00499CD4 /* MSCommandDelegate.m in Sources */ = {isa = PBXBuildFile; fileRef = 428FCF9118CECA9B00499CD4 /* MSCommandDelegate.m */; };
		42AEE4ED18C851C400162633 /* main.tm in Sources */ = {isa = PBXBuildFile; fileRef = 42FFC8FB18C8408A00C58E21 /* main.tm */; };
		42AEE4FB18C856BA00162633 /* libstdc++.6.dylib in Frameworks */ = {isa = PBXBuildFile; fileRef = 42AEE4FA18C856B900162633 /* libstdc++.6.dylib */; };
		42EB6C7318CED16200F96BF1 /* MathSpice.m in Sources */ = {isa = PBXBuildFile; fileRef = 42EB6C7218CED16200F96BF1 /* MathSpice.m */; };
		42FFC8E918C83F0400C58E21 /* main.m in Sources */ = {isa = PBXBuildFile; fileRef = 42FFC8E818C83F0400C58E21 /* main.m */; };
		42FFC8EB18C83F0400C58E21 /* MathSpice.1 in CopyFiles */ = {isa = PBXBuildFile; fileRef = 42FFC8EA18C83F0400C58E21 /* MathSpice.1 */; };
		42FFC8F818C83F7900C58E21 /* CoreFoundation.framework in Frameworks */ = {isa = PBXBuildFile; fileRef = 42FFC8F718C83F7900C58E21 /* CoreFoundation.framework */; };
/* End PBXBuildFile section */

/* Begin PBXBuildRule section */
		42AEE4EE18C851C900162633 /* PBXBuildRule */ = {
			isa = PBXBuildRule;
			compilerSpec = com.apple.compilers.proxy.script;
			filePatterns = "*.tm";
			fileType = pattern.proxy;
			isEditable = 1;
			outputFiles = (
				"$(INPUT_FILE_BASE).tm.c",
			);
			script = "cd \"$INPUT_FILE_DIR\"\n/Applications/Mathematica.app/SystemFiles/Links/MathLink/DeveloperKit/MacOSX-x86-64/CompilerAdditions/mprep \"$INPUT_FILE_NAME\" -o \"$DERIVED_SOURCES_DIR/$INPUT_FILE_BASE.tm.c\"\n";
		};
/* End PBXBuildRule section */

/* Begin PBXCopyFilesBuildPhase section */
		42FFC8E318C83F0400C58E21 /* CopyFiles */ = {
			isa = PBXCopyFilesBuildPhase;
			buildActionMask = 2147483647;
			dstPath = /usr/share/man/man1/;
			dstSubfolderSpec = 0;
			files = (
				42FFC8EB18C83F0400C58E21 /* MathSpice.1 in CopyFiles */,
			);
			runOnlyForDeploymentPostprocessing = 1;
		};
/* End PBXCopyFilesBuildPhase section */

/* Begin PBXFileReference section */
		428B82BB18CFE3EE00865D7D /* MathSymbol.h */ = {isa = PBXFileReference; fileEncoding = 4; lastKnownFileType = sourcecode.c.h; path = MathSymbol.h; sourceTree = "<group>"; };
		428B82BC18CFE3EE00865D7D /* MathSymbol.m */ = {isa = PBXFileReference; fileEncoding = 4; lastKnownFileType = sourcecode.c.objc; path = MathSymbol.m; sourceTree = "<group>"; };
		428B82BE18CFF96B00865D7D /* MathFunction.h */ = {isa = PBXFileReference; fileEncoding = 4; lastKnownFileType = sourcecode.c.h; path = MathFunction.h; sourceTree = "<group>"; };
		428B82BF18CFF96B00865D7D /* MathFunction.m */ = {isa = PBXFileReference; fileEncoding = 4; lastKnownFileType = sourcecode.c.objc; path = MathFunction.m; sourceTree = "<group>"; };
		428B82C118D0014E00865D7D /* MathObject.h */ = {isa = PBXFileReference; lastKnownFileType = sourcecode.c.h; path = MathObject.h; sourceTree = "<group>"; };
		428FCF8A18CE96DB00499CD4 /* libMLi3.a */ = {isa = PBXFileReference; lastKnownFileType = archive.ar; name = libMLi3.a; path = "../../../../../../Applications/Mathematica.app/SystemFiles/Links/MathLink/DeveloperKit/MacOSX-x86-64/CompilerAdditions/libMLi3.a"; sourceTree = "<group>"; };
		428FCF8C18CEA64600499CD4 /* MSDelegate.h */ = {isa = PBXFileReference; lastKnownFileType = sourcecode.c.h; path = MSDelegate.h; sourceTree = "<group>"; };
		428FCF8D18CEA6A900499CD4 /* MSTransientDelegate.h */ = {isa = PBXFileReference; fileEncoding = 4; lastKnownFileType = sourcecode.c.h; path = MSTransientDelegate.h; sourceTree = "<group>"; };
		428FCF8E18CEA6A900499CD4 /* MSTransientDelegate.m */ = {isa = PBXFileReference; fileEncoding = 4; lastKnownFileType = sourcecode.c.objc; path = MSTransientDelegate.m; sourceTree = "<group>"; };
		428FCF9018CECA9B00499CD4 /* MSCommandDelegate.h */ = {isa = PBXFileReference; fileEncoding = 4; lastKnownFileType = sourcecode.c.h; path = MSCommandDelegate.h; sourceTree = "<group>"; };
		428FCF9118CECA9B00499CD4 /* MSCommandDelegate.m */ = {isa = PBXFileReference; fileEncoding = 4; lastKnownFileType = sourcecode.c.objc; path = MSCommandDelegate.m; sourceTree = "<group>"; };
		429323F318D12DA300F48801 /* include.h */ = {isa = PBXFileReference; lastKnownFileType = sourcecode.c.h; path = include.h; sourceTree = "<group>"; };
		42AEE4FA18C856B900162633 /* libstdc++.6.dylib */ = {isa = PBXFileReference; lastKnownFileType = "compiled.mach-o.dylib"; name = "libstdc++.6.dylib"; path = "usr/lib/libstdc++.6.dylib"; sourceTree = SDKROOT; };
		42EB6C7118CED16200F96BF1 /* MathSpice.h */ = {isa = PBXFileReference; fileEncoding = 4; lastKnownFileType = sourcecode.c.h; path = MathSpice.h; sourceTree = "<group>"; };
		42EB6C7218CED16200F96BF1 /* MathSpice.m */ = {isa = PBXFileReference; fileEncoding = 4; lastKnownFileType = sourcecode.c.objc; path = MathSpice.m; sourceTree = "<group>"; };
		42FFC8E518C83F0400C58E21 /* MathSpice */ = {isa = PBXFileReference; explicitFileType = "compiled.mach-o.executable"; includeInIndex = 0; path = MathSpice; sourceTree = BUILT_PRODUCTS_DIR; };
		42FFC8E818C83F0400C58E21 /* main.m */ = {isa = PBXFileReference; lastKnownFileType = sourcecode.c.objc; path = main.m; sourceTree = "<group>"; };
		42FFC8EA18C83F0400C58E21 /* MathSpice.1 */ = {isa = PBXFileReference; lastKnownFileType = text.man; path = MathSpice.1; sourceTree = "<group>"; };
		42FFC8F718C83F7900C58E21 /* CoreFoundation.framework */ = {isa = PBXFileReference; lastKnownFileType = wrapper.framework; name = CoreFoundation.framework; path = System/Library/Frameworks/CoreFoundation.framework; sourceTree = SDKROOT; };
		42FFC8FB18C8408A00C58E21 /* main.tm */ = {isa = PBXFileReference; fileEncoding = 4; lastKnownFileType = text; path = main.tm; sourceTree = "<group>"; };
/* End PBXFileReference section */

/* Begin PBXFrameworksBuildPhase section */
		42FFC8E218C83F0400C58E21 /* Frameworks */ = {
			isa = PBXFrameworksBuildPhase;
			buildActionMask = 2147483647;
			files = (
				42AEE4FB18C856BA00162633 /* libstdc++.6.dylib in Frameworks */,
				42FFC8F818C83F7900C58E21 /* CoreFoundation.framework in Frameworks */,
			);
			runOnlyForDeploymentPostprocessing = 0;
		};
/* End PBXFrameworksBuildPhase section */

/* Begin PBXGroup section */
		42FFC8DC18C83F0400C58E21 = {
			isa = PBXGroup;
			children = (
				42FFC8E718C83F0400C58E21 /* MathSpice */,
				42FFC8F918C83F8200C58E21 /* Frameworks */,
				42FFC8E618C83F0400C58E21 /* Products */,
			);
			sourceTree = "<group>";
		};
		42FFC8E618C83F0400C58E21 /* Products */ = {
			isa = PBXGroup;
			children = (
				42FFC8E518C83F0400C58E21 /* MathSpice */,
			);
			name = Products;
			sourceTree = "<group>";
		};
		42FFC8E718C83F0400C58E21 /* MathSpice */ = {
			isa = PBXGroup;
			children = (
				429323F318D12DA300F48801 /* include.h */,
				42FFC8E818C83F0400C58E21 /* main.m */,
				42FFC8FB18C8408A00C58E21 /* main.tm */,
				42FFC8EA18C83F0400C58E21 /* MathSpice.1 */,
				428FCF8C18CEA64600499CD4 /* MSDelegate.h */,
				428FCF8D18CEA6A900499CD4 /* MSTransientDelegate.h */,
				428FCF8E18CEA6A900499CD4 /* MSTransientDelegate.m */,
				428FCF9018CECA9B00499CD4 /* MSCommandDelegate.h */,
				428FCF9118CECA9B00499CD4 /* MSCommandDelegate.m */,
				42EB6C7118CED16200F96BF1 /* MathSpice.h */,
				42EB6C7218CED16200F96BF1 /* MathSpice.m */,
				428B82BB18CFE3EE00865D7D /* MathSymbol.h */,
				428B82BC18CFE3EE00865D7D /* MathSymbol.m */,
				428B82BE18CFF96B00865D7D /* MathFunction.h */,
				428B82BF18CFF96B00865D7D /* MathFunction.m */,
				428B82C118D0014E00865D7D /* MathObject.h */,
			);
			path = MathSpice;
			sourceTree = "<group>";
		};
		42FFC8F918C83F8200C58E21 /* Frameworks */ = {
			isa = PBXGroup;
			children = (
				428FCF8A18CE96DB00499CD4 /* libMLi3.a */,
				42AEE4FA18C856B900162633 /* libstdc++.6.dylib */,
				42FFC8F718C83F7900C58E21 /* CoreFoundation.framework */,
			);
			name = Frameworks;
			sourceTree = "<group>";
		};
/* End PBXGroup section */

/* Begin PBXNativeTarget section */
		42FFC8E418C83F0400C58E21 /* MathSpice */ = {
			isa = PBXNativeTarget;
			buildConfigurationList = 42FFC8EE18C83F0400C58E21 /* Build configuration list for PBXNativeTarget "MathSpice" */;
			buildPhases = (
				42FFC8E118C83F0400C58E21 /* Sources */,
				42FFC8E218C83F0400C58E21 /* Frameworks */,
				42FFC8E318C83F0400C58E21 /* CopyFiles */,
			);
			buildRules = (
				42AEE4EE18C851C900162633 /* PBXBuildRule */,
			);
			dependencies = (
			);
			name = MathSpice;
			productName = MathSpice;
			productReference = 42FFC8E518C83F0400C58E21 /* MathSpice */;
			productType = "com.apple.product-type.tool";
		};
/* End PBXNativeTarget section */

/* Begin PBXProject section */
		42FFC8DD18C83F0400C58E21 /* Project object */ = {
			isa = PBXProject;
			attributes = {
				LastUpgradeCheck = 0500;
				ORGANIZATIONNAME = "Computing Eureka";
			};
			buildConfigurationList = 42FFC8E018C83F0400C58E21 /* Build configuration list for PBXProject "MathSpice" */;
			compatibilityVersion = "Xcode 3.2";
			developmentRegion = English;
			hasScannedForEncodings = 0;
			knownRegions = (
				en,
			);
			mainGroup = 42FFC8DC18C83F0400C58E21;
			productRefGroup = 42FFC8E618C83F0400C58E21 /* Products */;
			projectDirPath = "";
			projectRoot = "";
			targets = (
				42FFC8E418C83F0400C58E21 /* MathSpice */,
			);
		};
/* End PBXProject section */

/* Begin PBXSourcesBuildPhase section */
		42FFC8E118C83F0400C58E21 /* Sources */ = {
			isa = PBXSourcesBuildPhase;
			buildActionMask = 2147483647;
			files = (
				42EB6C7318CED16200F96BF1 /* MathSpice.m in Sources */,
				428B82C018CFF96B00865D7D /* MathFunction.m in Sources */,
				428FCF9218CECA9B00499CD4 /* MSCommandDelegate.m in Sources */,
				428FCF8F18CEA6A900499CD4 /* MSTransientDelegate.m in Sources */,
				428B82BD18CFE3EE00865D7D /* MathSymbol.m in Sources */,
				42AEE4ED18C851C400162633 /* main.tm in Sources */,
				42FFC8E918C83F0400C58E21 /* main.m in Sources */,
			);
			runOnlyForDeploymentPostprocessing = 0;
		};
/* End PBXSourcesBuildPhase section */

/* Begin XCBuildConfiguration section */
		42FFC8EC18C83F0400C58E21 /* Debug */ = {
			isa = XCBuildConfiguration;
			buildSettings = {
				ALWAYS_SEARCH_USER_PATHS = NO;
				CLANG_CXX_LANGUAGE_STANDARD = "gnu++0x";
				CLANG_CXX_LIBRARY = "libc++";
				CLANG_ENABLE_OBJC_ARC = YES;
				CLANG_WARN_BOOL_CONVERSION = YES;
				CLANG_WARN_CONSTANT_CONVERSION = YES;
				CLANG_WARN_DIRECT_OBJC_ISA_USAGE = YES_ERROR;
				CLANG_WARN_EMPTY_BODY = YES;
				CLANG_WARN_ENUM_CONVERSION = YES;
				CLANG_WARN_INT_CONVERSION = YES;
				CLANG_WARN_OBJC_ROOT_CLASS = YES_ERROR;
				CLANG_WARN__DUPLICATE_METHOD_MATCH = YES;
				COPY_PHASE_STRIP = NO;
				GCC_C_LANGUAGE_STANDARD = gnu99;
				GCC_DYNAMIC_NO_PIC = NO;
				GCC_ENABLE_OBJC_EXCEPTIONS = YES;
				GCC_OPTIMIZATION_LEVEL = 0;
				GCC_PREPROCESSOR_DEFINITIONS = (
					"DEBUG=1",
					"$(inherited)",
				);
				GCC_SYMBOLS_PRIVATE_EXTERN = NO;
				GCC_WARN_64_TO_32_BIT_CONVERSION = YES;
				GCC_WARN_ABOUT_RETURN_TYPE = YES_ERROR;
				GCC_WARN_UNDECLARED_SELECTOR = YES;
				GCC_WARN_UNINITIALIZED_AUTOS = YES;
				GCC_WARN_UNUSED_FUNCTION = YES;
				GCC_WARN_UNUSED_VARIABLE = YES;
				MACOSX_DEPLOYMENT_TARGET = 10.9;
				ONLY_ACTIVE_ARCH = YES;
				SDKROOT = macosx;
			};
			name = Debug;
		};
		42FFC8ED18C83F0400C58E21 /* Release */ = {
			isa = XCBuildConfiguration;
			buildSettings = {
				ALWAYS_SEARCH_USER_PATHS = NO;
				CLANG_CXX_LANGUAGE_STANDARD = "gnu++0x";
				CLANG_CXX_LIBRARY = "libc++";
				CLANG_ENABLE_OBJC_ARC = YES;
				CLANG_WARN_BOOL_CONVERSION = YES;
				CLANG_WARN_CONSTANT_CONVERSION = YES;
				CLANG_WARN_DIRECT_OBJC_ISA_USAGE = YES_ERROR;
				CLANG_WARN_EMPTY_BODY = YES;
				CLANG_WARN_ENUM_CONVERSION = YES;
				CLANG_WARN_INT_CONVERSION = YES;
				CLANG_WARN_OBJC_ROOT_CLASS = YES_ERROR;
				CLANG_WARN__DUPLICATE_METHOD_MATCH = YES;
				COPY_PHASE_STRIP = YES;
				DEBUG_INFORMATION_FORMAT = "dwarf-with-dsym";
				ENABLE_NS_ASSERTIONS = NO;
				GCC_C_LANGUAGE_STANDARD = gnu99;
				GCC_ENABLE_OBJC_EXCEPTIONS = YES;
				GCC_WARN_64_TO_32_BIT_CONVERSION = YES;
				GCC_WARN_ABOUT_RETURN_TYPE = YES_ERROR;
				GCC_WARN_UNDECLARED_SELECTOR = YES;
				GCC_WARN_UNINITIALIZED_AUTOS = YES;
				GCC_WARN_UNUSED_FUNCTION = YES;
				GCC_WARN_UNUSED_VARIABLE = YES;
				MACOSX_DEPLOYMENT_TARGET = 10.9;
				SDKROOT = macosx;
			};
			name = Release;
		};
		42FFC8EF18C83F0400C58E21 /* Debug */ = {
			isa = XCBuildConfiguration;
			buildSettings = {
				FRAMEWORK_SEARCH_PATHS = (
					"$(inherited)",
					"$(SYSTEM_APPS_DIR)/Mathematica.app/SystemFiles/Links/MathLink/DeveloperKit/MacOSX-x86-64/CompilerAdditions",
				);
				HEADER_SEARCH_PATHS = (
					"$(inherited)",
					/Applications/Xcode.app/Contents/Developer/Toolchains/XcodeDefault.xctoolchain/usr/include,
					/usr/local/share/ngspice/include,
					"$(SYSTEM_APPS_DIR)/Mathematica.app/SystemFiles/Links/MathLink/DeveloperKit/MacOSX-x86-64/CompilerAdditions",
				);
				LIBRARY_SEARCH_PATHS = (
					"$(inherited)",
					"$(SYSTEM_APPS_DIR)/Mathematica.app/SystemFiles/Links/MathLink/DeveloperKit/MacOSX-x86-64/CompilerAdditions",
					/usr/local/lib,
				);
				OTHER_LDFLAGS = (
					"-lngspice",
					"-lMLi3",
				);
				PRODUCT_NAME = "$(TARGET_NAME)";
			};
			name = Debug;
		};
		42FFC8F018C83F0400C58E21 /* Release */ = {
			isa = XCBuildConfiguration;
			buildSettings = {
				FRAMEWORK_SEARCH_PATHS = (
					"$(inherited)",
					"$(SYSTEM_APPS_DIR)/Mathematica.app/SystemFiles/Links/MathLink/DeveloperKit/MacOSX-x86-64/CompilerAdditions",
				);
				HEADER_SEARCH_PATHS = (
					"$(inherited)",
					/Applications/Xcode.app/Contents/Developer/Toolchains/XcodeDefault.xctoolchain/usr/include,
					/usr/local/share/ngspice/include,
					"$(SYSTEM_APPS_DIR)/Mathematica.app/SystemFiles/Links/MathLink/DeveloperKit/MacOSX-x86-64/CompilerAdditions",
				);
				LIBRARY_SEARCH_PATHS = (
					"$(inherited)",
					"$(SYSTEM_APPS_DIR)/Mathematica.app/SystemFiles/Links/MathLink/DeveloperKit/MacOSX-x86-64/CompilerAdditions",
					/usr/local/lib,
				);
				OTHER_LDFLAGS = (
					"-lngspice",
					"-lMLi3",
				);
				PRODUCT_NAME = "$(TARGET_NAME)";
			};
			name = Release;
		};
/* End XCBuildConfiguration section */

/* Begin XCConfigurationList section */
		42FFC8E018C83F0400C58E21 /* Build configuration list for PBXProject "MathSpice" */ = {
			isa = XCConfigurationList;
			buildConfigurations = (
				42FFC8EC18C83F0400C58E21 /* Debug */,
				42FFC8ED18C83F0400C58E21 /* Release */,
			);
			defaultConfigurationIsVisible = 0;
			defaultConfigurationName = Release;
		};
		42FFC8EE18C83F0400C58E21 /* Build configuration list for PBXNativeTarget "MathSpice" */ = {
			isa = XCConfigurationList;
			buildConfigurations = (
				42FFC8EF18C83F0400C58E21 /* Debug */,
				42FFC8F018C83F0400C58E21 /* Release */,
			);
			defaultConfigurationIsVisible = 0;
			defaultConfigurationName = Release;
		};
/* End XCConfigurationList section */
	};
	rootObject = 42FFC8DD18C83F0400C58E21 /* Project object */;
}
